
Microsoft Visual Studio Solution File, Format Version 12.00
# Visual Studio Version 17
VisualStudioVersion = 17.14.36915.13
MinimumVisualStudioVersion = 10.0.40219.1
Project("{FAE04EC0-301F-11D3-BF4B-00C04F79EFBC}") = "Sudoku", "Sudoku.csproj", "{70621A44-F08C-48C0-9D36-DDC063A5EFF5}"
EndProject
Global
	GlobalSection(SolutionConfigurationPlatforms) = preSolution
		Debug|Any CPU = Debug|Any CPU
		Release|Any CPU = Release|Any CPU
	EndGlobalSection
	GlobalSection(ProjectConfigurationPlatforms) = postSolution
		{70621A44-F08C-48C0-9D36-DDC063A5EFF5}.Debug|Any CPU.ActiveCfg = Debug|Any CPU
		{70621A44-F08C-48C0-9D36-DDC063A5EFF5}.Debug|Any CPU.Build.0 = Debug|Any CPU
		{70621A44-F08C-48C0-9D36-DDC063A5EFF5}.Release|Any CPU.ActiveCfg = Release|Any CPU
		{70621A44-F08C-48C0-9D36-DDC063A5EFF5}.Release|Any CPU.Build.0 = Release|Any CPU
	EndGlobalSection
	GlobalSection(SolutionProperties) = preSolution
		HideSolutionNode = FALSE
	EndGlobalSection
	GlobalSection(ExtensibilityGlobals) = postSolution
		SolutionGuid = {60F06A43-3E40-48AA-8ABB-CEA06F013275}
	EndGlobalSection
EndGlobal
